
Microsoft Visual Studio Solution File, Format Version 12.00
# Visual Studio Version 16
VisualStudioVersion = 16.0.29020.237
MinimumVisualStudioVersion = 10.0.40219.1
Project("{FAE04EC0-301F-11D3-BF4B-00C04F79EFBC}") = "ConsoleApp1", "ConsoleApp1\ConsoleApp1.csproj", "{04824D06-A8B0-4EAB-8920-4069A8B4E091}"
EndProject
Project("{FAE04EC0-301F-11D3-BF4B-00C04F79EFBC}") = "UnitTestProject1", "UnitTestProject1\UnitTestProject1.csproj", "{5B7228AA-A3F2-4869-BE76-57E629CF4AFF}"
EndProject
Global
	GlobalSection(SolutionConfigurationPlatforms) = preSolution
		Debug|Any CPU = Debug|Any CPU
		Release|Any CPU = Release|Any CPU
	EndGlobalSection
	GlobalSection(ProjectConfigurationPlatforms) = postSolution
		{04824D06-A8B0-4EAB-8920-4069A8B4E091}.Debug|Any CPU.ActiveCfg = Debug|Any CPU
		{04824D06-A8B0-4EAB-8920-4069A8B4E091}.Debug|Any CPU.Build.0 = Debug|Any CPU
		{04824D06-A8B0-4EAB-8920-4069A8B4E091}.Release|Any CPU.ActiveCfg = Release|Any CPU
		{04824D06-A8B0-4EAB-8920-4069A8B4E091}.Release|Any CPU.Build.0 = Release|Any CPU
		{5B7228AA-A3F2-4869-BE76-57E629CF4AFF}.Debug|Any CPU.ActiveCfg = Debug|Any CPU
		{5B7228AA-A3F2-4869-BE76-57E629CF4AFF}.Debug|Any CPU.Build.0 = Debug|Any CPU
		{5B7228AA-A3F2-4869-BE76-57E629CF4AFF}.Release|Any CPU.ActiveCfg = Release|Any CPU
		{5B7228AA-A3F2-4869-BE76-57E629CF4AFF}.Release|Any CPU.Build.0 = Release|Any CPU
	EndGlobalSection
	GlobalSection(SolutionProperties) = preSolution
		HideSolutionNode = FALSE
	EndGlobalSection
	GlobalSection(ExtensibilityGlobals) = postSolution
		SolutionGuid = {C58E8716-9369-4CDC-BBF2-CE31AA988392}
	EndGlobalSection
EndGlobal
